
Microsoft Visual Studio Solution File, Format Version 12.00
# Visual Studio Version 16
VisualStudioVersion = 16.0.32002.261
MinimumVisualStudioVersion = 10.0.40219.1
Project("{FAE04EC0-301F-11D3-BF4B-00C04F79EFBC}") = "MyFirstASPNETWebApp", "MyFirstASPNETWebApp\MyFirstASPNETWebApp.csproj", "{6C47CB70-0254-4E9B-BF08-D78E5523DB64}"
EndProject
Global
	GlobalSection(SolutionConfigurationPlatforms) = preSolution
		Debug|Any CPU = Debug|Any CPU
		Release|Any CPU = Release|Any CPU
	EndGlobalSection
	GlobalSection(ProjectConfigurationPlatforms) = postSolution
		{6C47CB70-0254-4E9B-BF08-D78E5523DB64}.Debug|Any CPU.ActiveCfg = Debug|Any CPU
		{6C47CB70-0254-4E9B-BF08-D78E5523DB64}.Debug|Any CPU.Build.0 = Debug|Any CPU
		{6C47CB70-0254-4E9B-BF08-D78E5523DB64}.Release|Any CPU.ActiveCfg = Release|Any CPU
		{6C47CB70-0254-4E9B-BF08-D78E5523DB64}.Release|Any CPU.Build.0 = Release|Any CPU
	EndGlobalSection
	GlobalSection(SolutionProperties) = preSolution
		HideSolutionNode = FALSE
	EndGlobalSection
	GlobalSection(ExtensibilityGlobals) = postSolution
		SolutionGuid = {96EF18F7-C591-4BA2-BFF0-3CACC4F46A90}
	EndGlobalSection
EndGlobal
